{
  "name": "festivo-sdk",
  "lockfileVersion": 3,
  "requires": true,
  "packages": {
    "": {
      "dependencies": {
        "@festivo-io/festivo-sdk": "^0.1.4"
      }
    },
    "node_modules/@festivo-io/festivo-sdk": {
      "version": "0.1.4",
      "resolved": "https://registry.npmjs.org/@festivo-io/festivo-sdk/-/festivo-sdk-0.1.4.tgz",
      "integrity": "sha512-EBqDTsDml482da83WXd2hDEXNtzMi1Ecs71UWSEHa5eYfU8nbE/Co67ukVSRJAperuv4z3DP/vIy9GV4gLV6AQ=="
    }
  }
}
